
Microsoft Visual Studio Solution File, Format Version 12.00
# Visual Studio 15
VisualStudioVersion = 15.0.28307.852
MinimumVisualStudioVersion = 10.0.40219.1
Project("{FAE04EC0-301F-11D3-BF4B-00C04F79EFBC}") = "AritclesWebApp", "AritclesWebApp\AritclesWebApp.csproj", "{34EC4C35-7C30-4BCE-A276-B032F9EA4432}"
EndProject
Global
	GlobalSection(SolutionConfigurationPlatforms) = preSolution
		Debug|Any CPU = Debug|Any CPU
		Release|Any CPU = Release|Any CPU
	EndGlobalSection
	GlobalSection(ProjectConfigurationPlatforms) = postSolution
		{34EC4C35-7C30-4BCE-A276-B032F9EA4432}.Debug|Any CPU.ActiveCfg = Debug|Any CPU
		{34EC4C35-7C30-4BCE-A276-B032F9EA4432}.Debug|Any CPU.Build.0 = Debug|Any CPU
		{34EC4C35-7C30-4BCE-A276-B032F9EA4432}.Release|Any CPU.ActiveCfg = Release|Any CPU
		{34EC4C35-7C30-4BCE-A276-B032F9EA4432}.Release|Any CPU.Build.0 = Release|Any CPU
	EndGlobalSection
	GlobalSection(SolutionProperties) = preSolution
		HideSolutionNode = FALSE
	EndGlobalSection
	GlobalSection(ExtensibilityGlobals) = postSolution
		SolutionGuid = {CE5DBD93-1FD0-4C6A-9CFE-F54C95E5BB70}
	EndGlobalSection
EndGlobal
